
Microsoft Visual Studio Solution File, Format Version 12.00
# Visual Studio 15
VisualStudioVersion = 15.0.27130.2036
MinimumVisualStudioVersion = 10.0.40219.1
Project("{FAE04EC0-301F-11D3-BF4B-00C04F79EFBC}") = "KursOppgave5", "KursOppgave5\KursOppgave5.csproj", "{40C633ED-5731-4936-BA0D-55A067AAE0CD}"
EndProject
Global
	GlobalSection(SolutionConfigurationPlatforms) = preSolution
		Debug|Any CPU = Debug|Any CPU
		Release|Any CPU = Release|Any CPU
	EndGlobalSection
	GlobalSection(ProjectConfigurationPlatforms) = postSolution
		{40C633ED-5731-4936-BA0D-55A067AAE0CD}.Debug|Any CPU.ActiveCfg = Debug|Any CPU
		{40C633ED-5731-4936-BA0D-55A067AAE0CD}.Debug|Any CPU.Build.0 = Debug|Any CPU
		{40C633ED-5731-4936-BA0D-55A067AAE0CD}.Release|Any CPU.ActiveCfg = Release|Any CPU
		{40C633ED-5731-4936-BA0D-55A067AAE0CD}.Release|Any CPU.Build.0 = Release|Any CPU
	EndGlobalSection
	GlobalSection(SolutionProperties) = preSolution
		HideSolutionNode = FALSE
	EndGlobalSection
	GlobalSection(ExtensibilityGlobals) = postSolution
		SolutionGuid = {794FADE8-C1C9-4795-945E-DCE65550DA61}
	EndGlobalSection
EndGlobal
